
Microsoft Visual Studio Solution File, Format Version 12.00
# Visual Studio Version 17
VisualStudioVersion = 17.0.32112.339
MinimumVisualStudioVersion = 10.0.40219.1
Project("{9A19103F-16F7-4668-BE54-9A1E7A4F7556}") = "ListaExercicios04.ConsoleApp", "ListaExercicios04.ConsoleApp\ListaExercicios04.ConsoleApp.csproj", "{5AE82EEA-CD2D-4630-BFDB-29D3B9807F96}"
EndProject
Project("{FAE04EC0-301F-11D3-BF4B-00C04F79EFBC}") = "Exercicios02.ConsoleApp", "Exercicios02.ConsoleApp\Exercicios02.ConsoleApp.csproj", "{09A1A2A8-B9F3-4DF9-B76D-D5408B8B91CA}"
EndProject
Project("{FAE04EC0-301F-11D3-BF4B-00C04F79EFBC}") = "Exercicios03.ConsoleApp", "Exercicios03.ConsoleApp\Exercicios03.ConsoleApp.csproj", "{497DED4D-3D09-4EBD-8FA2-AE4F8A924BF3}"
EndProject
Project("{FAE04EC0-301F-11D3-BF4B-00C04F79EFBC}") = "Exercicio05.ConsoleApp", "Exercicio05.ConsoleApp\Exercicio05.ConsoleApp.csproj", "{B713CB7C-A8C2-4A34-8EB8-5AA9CC8AA398}"
EndProject
Project("{FAE04EC0-301F-11D3-BF4B-00C04F79EFBC}") = "Exercicio04.ConsoleApp", "Exercicio04.ConsoleApp\Exercicio04.ConsoleApp.csproj", "{DF909C95-EF4A-4D5A-BBE7-2CEB0D023FCA}"
EndProject
Global
	GlobalSection(SolutionConfigurationPlatforms) = preSolution
		Debug|Any CPU = Debug|Any CPU
		Release|Any CPU = Release|Any CPU
	EndGlobalSection
	GlobalSection(ProjectConfigurationPlatforms) = postSolution
		{5AE82EEA-CD2D-4630-BFDB-29D3B9807F96}.Debug|Any CPU.ActiveCfg = Debug|Any CPU
		{5AE82EEA-CD2D-4630-BFDB-29D3B9807F96}.Debug|Any CPU.Build.0 = Debug|Any CPU
		{5AE82EEA-CD2D-4630-BFDB-29D3B9807F96}.Release|Any CPU.ActiveCfg = Release|Any CPU
		{5AE82EEA-CD2D-4630-BFDB-29D3B9807F96}.Release|Any CPU.Build.0 = Release|Any CPU
		{09A1A2A8-B9F3-4DF9-B76D-D5408B8B91CA}.Debug|Any CPU.ActiveCfg = Debug|Any CPU
		{09A1A2A8-B9F3-4DF9-B76D-D5408B8B91CA}.Debug|Any CPU.Build.0 = Debug|Any CPU
		{09A1A2A8-B9F3-4DF9-B76D-D5408B8B91CA}.Release|Any CPU.ActiveCfg = Release|Any CPU
		{09A1A2A8-B9F3-4DF9-B76D-D5408B8B91CA}.Release|Any CPU.Build.0 = Release|Any CPU
		{497DED4D-3D09-4EBD-8FA2-AE4F8A924BF3}.Debug|Any CPU.ActiveCfg = Debug|Any CPU
		{497DED4D-3D09-4EBD-8FA2-AE4F8A924BF3}.Debug|Any CPU.Build.0 = Debug|Any CPU
		{497DED4D-3D09-4EBD-8FA2-AE4F8A924BF3}.Release|Any CPU.ActiveCfg = Release|Any CPU
		{497DED4D-3D09-4EBD-8FA2-AE4F8A924BF3}.Release|Any CPU.Build.0 = Release|Any CPU
		{B713CB7C-A8C2-4A34-8EB8-5AA9CC8AA398}.Debug|Any CPU.ActiveCfg = Debug|Any CPU
		{B713CB7C-A8C2-4A34-8EB8-5AA9CC8AA398}.Debug|Any CPU.Build.0 = Debug|Any CPU
		{B713CB7C-A8C2-4A34-8EB8-5AA9CC8AA398}.Release|Any CPU.ActiveCfg = Release|Any CPU
		{B713CB7C-A8C2-4A34-8EB8-5AA9CC8AA398}.Release|Any CPU.Build.0 = Release|Any CPU
		{DF909C95-EF4A-4D5A-BBE7-2CEB0D023FCA}.Debug|Any CPU.ActiveCfg = Debug|Any CPU
		{DF909C95-EF4A-4D5A-BBE7-2CEB0D023FCA}.Debug|Any CPU.Build.0 = Debug|Any CPU
		{DF909C95-EF4A-4D5A-BBE7-2CEB0D023FCA}.Release|Any CPU.ActiveCfg = Release|Any CPU
		{DF909C95-EF4A-4D5A-BBE7-2CEB0D023FCA}.Release|Any CPU.Build.0 = Release|Any CPU
	EndGlobalSection
	GlobalSection(SolutionProperties) = preSolution
		HideSolutionNode = FALSE
	EndGlobalSection
	GlobalSection(ExtensibilityGlobals) = postSolution
		SolutionGuid = {45348152-E017-4C2F-96F3-1982D66C356B}
	EndGlobalSection
EndGlobal
